
Microsoft Visual Studio Solution File, Format Version 12.00
# Visual Studio Version 17
VisualStudioVersion = 17.0.32014.148
MinimumVisualStudioVersion = 10.0.40219.1
Project("{FAE04EC0-301F-11D3-BF4B-00C04F79EFBC}") = "PorchtaRissiiDesign1.0", "PorchtaRissiiDesign1.0\PorchtaRissiiDesign1.0.csproj", "{033777AE-DAC8-4AE1-9BE1-7C3474255E06}"
EndProject
Project("{9A19103F-16F7-4668-BE54-9A1E7A4F7556}") = "PorchaAPI", "PorchaAPI\PorchaAPI.csproj", "{1054AC9D-0B90-46A1-BCF5-965947821A31}"
EndProject
Global
	GlobalSection(SolutionConfigurationPlatforms) = preSolution
		Debug|Any CPU = Debug|Any CPU
		Release|Any CPU = Release|Any CPU
	EndGlobalSection
	GlobalSection(ProjectConfigurationPlatforms) = postSolution
		{033777AE-DAC8-4AE1-9BE1-7C3474255E06}.Debug|Any CPU.ActiveCfg = Debug|Any CPU
		{033777AE-DAC8-4AE1-9BE1-7C3474255E06}.Debug|Any CPU.Build.0 = Debug|Any CPU
		{033777AE-DAC8-4AE1-9BE1-7C3474255E06}.Release|Any CPU.ActiveCfg = Release|Any CPU
		{033777AE-DAC8-4AE1-9BE1-7C3474255E06}.Release|Any CPU.Build.0 = Release|Any CPU
		{1054AC9D-0B90-46A1-BCF5-965947821A31}.Debug|Any CPU.ActiveCfg = Debug|Any CPU
		{1054AC9D-0B90-46A1-BCF5-965947821A31}.Debug|Any CPU.Build.0 = Debug|Any CPU
		{1054AC9D-0B90-46A1-BCF5-965947821A31}.Release|Any CPU.ActiveCfg = Release|Any CPU
		{1054AC9D-0B90-46A1-BCF5-965947821A31}.Release|Any CPU.Build.0 = Release|Any CPU
	EndGlobalSection
	GlobalSection(SolutionProperties) = preSolution
		HideSolutionNode = FALSE
	EndGlobalSection
	GlobalSection(ExtensibilityGlobals) = postSolution
		SolutionGuid = {412C215A-E022-49F9-B0E7-4AD60085A2B6}
	EndGlobalSection
EndGlobal
